
Microsoft Visual Studio Solution File, Format Version 12.00
Project("{FAE04EC0-301F-11D3-BF4B-00C04F79EFBC}") = "CleanResolver", "CleanResolver\CleanResolver.csproj", "{A161BE1D-1774-4138-8D3F-E037709B9AB2}"
EndProject
Project("{FAE04EC0-301F-11D3-BF4B-00C04F79EFBC}") = "CleanResolver.Tests", "CleanResolver.Tests\CleanResolver.Tests.csproj", "{684F752F-0ECC-4991-B429-5D737D46AA50}"
EndProject
Project("{FAE04EC0-301F-11D3-BF4B-00C04F79EFBC}") = "CleanResolver.Benchmarks", "CleanResolver.Benchmarks\CleanResolver.Benchmarks.csproj", "{81522B5D-2E6A-4253-82D3-E955BE38291C}"
EndProject
Global
	GlobalSection(SolutionConfigurationPlatforms) = preSolution
		Debug|Any CPU = Debug|Any CPU
		Release|Any CPU = Release|Any CPU
	EndGlobalSection
	GlobalSection(ProjectConfigurationPlatforms) = postSolution
		{A161BE1D-1774-4138-8D3F-E037709B9AB2}.Debug|Any CPU.ActiveCfg = Debug|Any CPU
		{A161BE1D-1774-4138-8D3F-E037709B9AB2}.Debug|Any CPU.Build.0 = Debug|Any CPU
		{A161BE1D-1774-4138-8D3F-E037709B9AB2}.Release|Any CPU.ActiveCfg = Release|Any CPU
		{A161BE1D-1774-4138-8D3F-E037709B9AB2}.Release|Any CPU.Build.0 = Release|Any CPU
		{684F752F-0ECC-4991-B429-5D737D46AA50}.Debug|Any CPU.ActiveCfg = Debug|Any CPU
		{684F752F-0ECC-4991-B429-5D737D46AA50}.Debug|Any CPU.Build.0 = Debug|Any CPU
		{684F752F-0ECC-4991-B429-5D737D46AA50}.Release|Any CPU.ActiveCfg = Release|Any CPU
		{684F752F-0ECC-4991-B429-5D737D46AA50}.Release|Any CPU.Build.0 = Release|Any CPU
		{81522B5D-2E6A-4253-82D3-E955BE38291C}.Debug|Any CPU.ActiveCfg = Debug|Any CPU
		{81522B5D-2E6A-4253-82D3-E955BE38291C}.Debug|Any CPU.Build.0 = Debug|Any CPU
		{81522B5D-2E6A-4253-82D3-E955BE38291C}.Release|Any CPU.ActiveCfg = Release|Any CPU
		{81522B5D-2E6A-4253-82D3-E955BE38291C}.Release|Any CPU.Build.0 = Release|Any CPU
	EndGlobalSection
EndGlobal
